// !$*UTF8*$!
{
	archiveVersion = 1;
	classes = {
	};
	objectVersion = 48;
	objects = {

/* Begin PBXBuildFile section */
		470872F72022B12400B2CFCB /* AppObserver.framework in Frameworks */ = {isa = PBXBuildFile; fileRef = 470872ED2022B12400B2CFCB /* AppObserver.framework */; };
		470872FC2022B12400B2CFCB /* AppObserverTests.swift in Sources */ = {isa = PBXBuildFile; fileRef = 470872FB2022B12400B2CFCB /* AppObserverTests.swift */; };
		470872FE2022B12400B2CFCB /* AppObserver.h in Headers */ = {isa = PBXBuildFile; fileRef = 470872F02022B12400B2CFCB /* AppObserver.h */; settings = {ATTRIBUTES = (Public, ); }; };
		470873082022B13E00B2CFCB /* AOFPSStopObserver.swift in Sources */ = {isa = PBXBuildFile; fileRef = 470873072022B13E00B2CFCB /* AOFPSStopObserver.swift */; };
		470873122022C66B00B2CFCB /* AppDelegate.swift in Sources */ = {isa = PBXBuildFile; fileRef = 470873112022C66B00B2CFCB /* AppDelegate.swift */; };
		470873142022C66B00B2CFCB /* ViewController.swift in Sources */ = {isa = PBXBuildFile; fileRef = 470873132022C66B00B2CFCB /* ViewController.swift */; };
		470873172022C66B00B2CFCB /* Main.storyboard in Resources */ = {isa = PBXBuildFile; fileRef = 470873152022C66B00B2CFCB /* Main.storyboard */; };
		470873192022C66B00B2CFCB /* Assets.xcassets in Resources */ = {isa = PBXBuildFile; fileRef = 470873182022C66B00B2CFCB /* Assets.xcassets */; };
		4708731C2022C66B00B2CFCB /* LaunchScreen.storyboard in Resources */ = {isa = PBXBuildFile; fileRef = 4708731A2022C66B00B2CFCB /* LaunchScreen.storyboard */; };
		470873272022C66B00B2CFCB /* DemoTests.swift in Sources */ = {isa = PBXBuildFile; fileRef = 470873262022C66B00B2CFCB /* DemoTests.swift */; };
		470873322022C66B00B2CFCB /* DemoUITests.swift in Sources */ = {isa = PBXBuildFile; fileRef = 470873312022C66B00B2CFCB /* DemoUITests.swift */; };
		4730CAB52022F3F600F7258E /* CrashReporter.framework in Frameworks */ = {isa = PBXBuildFile; fileRef = 4730CAB42022F3F600F7258E /* CrashReporter.framework */; settings = {ATTRIBUTES = (Required, ); }; };
		47AB05D02022F84B003F6835 /* AOCallStackTrace.h in Headers */ = {isa = PBXBuildFile; fileRef = 47AB05CE2022F84B003F6835 /* AOCallStackTrace.h */; settings = {ATTRIBUTES = (Public, ); }; };
		47AB05D12022F84B003F6835 /* AOCallStackTrace.m in Sources */ = {isa = PBXBuildFile; fileRef = 47AB05CF2022F84B003F6835 /* AOCallStackTrace.m */; };
/* End PBXBuildFile section */

/* Begin PBXContainerItemProxy section */
		470872F82022B12400B2CFCB /* PBXContainerItemProxy */ = {
			isa = PBXContainerItemProxy;
			containerPortal = 470872E42022B12400B2CFCB /* Project object */;
			proxyType = 1;
			remoteGlobalIDString = 470872EC2022B12400B2CFCB;
			remoteInfo = AppObserver;
		};
		470873232022C66B00B2CFCB /* PBXContainerItemProxy */ = {
			isa = PBXContainerItemProxy;
			containerPortal = 470872E42022B12400B2CFCB /* Project object */;
			proxyType = 1;
			remoteGlobalIDString = 4708730E2022C66B00B2CFCB;
			remoteInfo = Demo;
		};
		4708732E2022C66B00B2CFCB /* PBXContainerItemProxy */ = {
			isa = PBXContainerItemProxy;
			containerPortal = 470872E42022B12400B2CFCB /* Project object */;
			proxyType = 1;
			remoteGlobalIDString = 4708730E2022C66B00B2CFCB;
			remoteInfo = Demo;
		};
		4708733D2022CD9900B2CFCB /* PBXContainerItemProxy */ = {
			isa = PBXContainerItemProxy;
			containerPortal = 470872E42022B12400B2CFCB /* Project object */;
			proxyType = 1;
			remoteGlobalIDString = 470872EC2022B12400B2CFCB;
			remoteInfo = AppObserver;
		};
/* End PBXContainerItemProxy section */

/* Begin PBXFileReference section */
		470872ED2022B12400B2CFCB /* AppObserver.framework */ = {isa = PBXFileReference; explicitFileType = wrapper.framework; includeInIndex = 0; path = AppObserver.framework; sourceTree = BUILT_PRODUCTS_DIR; };
		470872F02022B12400B2CFCB /* AppObserver.h */ = {isa = PBXFileReference; lastKnownFileType = sourcecode.c.h; path = AppObserver.h; sourceTree = "<group>"; };
		470872F12022B12400B2CFCB /* Info.plist */ = {isa = PBXFileReference; lastKnownFileType = text.plist.xml; path = Info.plist; sourceTree = "<group>"; };
		470872F62022B12400B2CFCB /* AppObserverTests.xctest */ = {isa = PBXFileReference; explicitFileType = wrapper.cfbundle; includeInIndex = 0; path = AppObserverTests.xctest; sourceTree = BUILT_PRODUCTS_DIR; };
		470872FB2022B12400B2CFCB /* AppObserverTests.swift */ = {isa = PBXFileReference; lastKnownFileType = sourcecode.swift; path = AppObserverTests.swift; sourceTree = "<group>"; };
		470872FD2022B12400B2CFCB /* Info.plist */ = {isa = PBXFileReference; lastKnownFileType = text.plist.xml; path = Info.plist; sourceTree = "<group>"; };
		470873072022B13E00B2CFCB /* AOFPSStopObserver.swift */ = {isa = PBXFileReference; lastKnownFileType = sourcecode.swift; path = AOFPSStopObserver.swift; sourceTree = "<group>"; };
		4708730F2022C66B00B2CFCB /* Demo.app */ = {isa = PBXFileReference; explicitFileType = wrapper.application; includeInIndex = 0; path = Demo.app; sourceTree = BUILT_PRODUCTS_DIR; };
		470873112022C66B00B2CFCB /* AppDelegate.swift */ = {isa = PBXFileReference; lastKnownFileType = sourcecode.swift; path = AppDelegate.swift; sourceTree = "<group>"; };
		470873132022C66B00B2CFCB /* ViewController.swift */ = {isa = PBXFileReference; lastKnownFileType = sourcecode.swift; path = ViewController.swift; sourceTree = "<group>"; };
		470873162022C66B00B2CFCB /* Base */ = {isa = PBXFileReference; lastKnownFileType = file.storyboard; name = Base; path = Base.lproj/Main.storyboard; sourceTree = "<group>"; };
		470873182022C66B00B2CFCB /* Assets.xcassets */ = {isa = PBXFileReference; lastKnownFileType = folder.assetcatalog; path = Assets.xcassets; sourceTree = "<group>"; };
		4708731B2022C66B00B2CFCB /* Base */ = {isa = PBXFileReference; lastKnownFileType = file.storyboard; name = Base; path = Base.lproj/LaunchScreen.storyboard; sourceTree = "<group>"; };
		4708731D2022C66B00B2CFCB /* Info.plist */ = {isa = PBXFileReference; lastKnownFileType = text.plist.xml; path = Info.plist; sourceTree = "<group>"; };
		470873222022C66B00B2CFCB /* DemoTests.xctest */ = {isa = PBXFileReference; explicitFileType = wrapper.cfbundle; includeInIndex = 0; path = DemoTests.xctest; sourceTree = BUILT_PRODUCTS_DIR; };
		470873262022C66B00B2CFCB /* DemoTests.swift */ = {isa = PBXFileReference; lastKnownFileType = sourcecode.swift; path = DemoTests.swift; sourceTree = "<group>"; };
		470873282022C66B00B2CFCB /* Info.plist */ = {isa = PBXFileReference; lastKnownFileType = text.plist.xml; path = Info.plist; sourceTree = "<group>"; };
		4708732D2022C66B00B2CFCB /* DemoUITests.xctest */ = {isa = PBXFileReference; explicitFileType = wrapper.cfbundle; includeInIndex = 0; path = DemoUITests.xctest; sourceTree = BUILT_PRODUCTS_DIR; };
		470873312022C66B00B2CFCB /* DemoUITests.swift */ = {isa = PBXFileReference; lastKnownFileType = sourcecode.swift; path = DemoUITests.swift; sourceTree = "<group>"; };
		470873332022C66B00B2CFCB /* Info.plist */ = {isa = PBXFileReference; lastKnownFileType = text.plist.xml; path = Info.plist; sourceTree = "<group>"; };
		4730CAB42022F3F600F7258E /* CrashReporter.framework */ = {isa = PBXFileReference; lastKnownFileType = wrapper.framework; name = CrashReporter.framework; path = AppObserver/CrashReporter.framework; sourceTree = "<group>"; };
		47AB05CE2022F84B003F6835 /* AOCallStackTrace.h */ = {isa = PBXFileReference; lastKnownFileType = sourcecode.c.h; path = AOCallStackTrace.h; sourceTree = "<group>"; };
		47AB05CF2022F84B003F6835 /* AOCallStackTrace.m */ = {isa = PBXFileReference; lastKnownFileType = sourcecode.c.objc; path = AOCallStackTrace.m; sourceTree = "<group>"; };
/* End PBXFileReference section */

/* Begin PBXFrameworksBuildPhase section */
		470872E92022B12400B2CFCB /* Frameworks */ = {
			isa = PBXFrameworksBuildPhase;
			buildActionMask = 2147483647;
			files = (
				4730CAB52022F3F600F7258E /* CrashReporter.framework in Frameworks */,
			);
			runOnlyForDeploymentPostprocessing = 0;
		};
		470872F32022B12400B2CFCB /* Frameworks */ = {
			isa = PBXFrameworksBuildPhase;
			buildActionMask = 2147483647;
			files = (
				470872F72022B12400B2CFCB /* AppObserver.framework in Frameworks */,
			);
			runOnlyForDeploymentPostprocessing = 0;
		};
		4708730C2022C66B00B2CFCB /* Frameworks */ = {
			isa = PBXFrameworksBuildPhase;
			buildActionMask = 2147483647;
			files = (
			);
			runOnlyForDeploymentPostprocessing = 0;
		};
		4708731F2022C66B00B2CFCB /* Frameworks */ = {
			isa = PBXFrameworksBuildPhase;
			buildActionMask = 2147483647;
			files = (
			);
			runOnlyForDeploymentPostprocessing = 0;
		};
		4708732A2022C66B00B2CFCB /* Frameworks */ = {
			isa = PBXFrameworksBuildPhase;
			buildActionMask = 2147483647;
			files = (
			);
			runOnlyForDeploymentPostprocessing = 0;
		};
/* End PBXFrameworksBuildPhase section */

/* Begin PBXGroup section */
		470872E32022B12400B2CFCB = {
			isa = PBXGroup;
			children = (
				4730CAB42022F3F600F7258E /* CrashReporter.framework */,
				470872EF2022B12400B2CFCB /* AppObserver */,
				470872FA2022B12400B2CFCB /* AppObserverTests */,
				470873102022C66B00B2CFCB /* Demo */,
				470873252022C66B00B2CFCB /* DemoTests */,
				470873302022C66B00B2CFCB /* DemoUITests */,
				470872EE2022B12400B2CFCB /* Products */,
			);
			sourceTree = "<group>";
		};
		470872EE2022B12400B2CFCB /* Products */ = {
			isa = PBXGroup;
			children = (
				470872ED2022B12400B2CFCB /* AppObserver.framework */,
				470872F62022B12400B2CFCB /* AppObserverTests.xctest */,
				4708730F2022C66B00B2CFCB /* Demo.app */,
				470873222022C66B00B2CFCB /* DemoTests.xctest */,
				4708732D2022C66B00B2CFCB /* DemoUITests.xctest */,
			);
			name = Products;
			sourceTree = "<group>";
		};
		470872EF2022B12400B2CFCB /* AppObserver */ = {
			isa = PBXGroup;
			children = (
				4730CAA82022EC3B00F7258E /* CallBackTrace */,
				4708730A2022B14900B2CFCB /* Observer */,
				470872F02022B12400B2CFCB /* AppObserver.h */,
				470872F12022B12400B2CFCB /* Info.plist */,
			);
			path = AppObserver;
			sourceTree = "<group>";
		};
		470872FA2022B12400B2CFCB /* AppObserverTests */ = {
			isa = PBXGroup;
			children = (
				470872FB2022B12400B2CFCB /* AppObserverTests.swift */,
				470872FD2022B12400B2CFCB /* Info.plist */,
			);
			path = AppObserverTests;
			sourceTree = "<group>";
		};
		4708730A2022B14900B2CFCB /* Observer */ = {
			isa = PBXGroup;
			children = (
				470873072022B13E00B2CFCB /* AOFPSStopObserver.swift */,
			);
			path = Observer;
			sourceTree = "<group>";
		};
		470873102022C66B00B2CFCB /* Demo */ = {
			isa = PBXGroup;
			children = (
				470873112022C66B00B2CFCB /* AppDelegate.swift */,
				470873132022C66B00B2CFCB /* ViewController.swift */,
				470873152022C66B00B2CFCB /* Main.storyboard */,
				470873182022C66B00B2CFCB /* Assets.xcassets */,
				4708731A2022C66B00B2CFCB /* LaunchScreen.storyboard */,
				4708731D2022C66B00B2CFCB /* Info.plist */,
			);
			path = Demo;
			sourceTree = "<group>";
		};
		470873252022C66B00B2CFCB /* DemoTests */ = {
			isa = PBXGroup;
			children = (
				470873262022C66B00B2CFCB /* DemoTests.swift */,
				470873282022C66B00B2CFCB /* Info.plist */,
			);
			path = DemoTests;
			sourceTree = "<group>";
		};
		470873302022C66B00B2CFCB /* DemoUITests */ = {
			isa = PBXGroup;
			children = (
				470873312022C66B00B2CFCB /* DemoUITests.swift */,
				470873332022C66B00B2CFCB /* Info.plist */,
			);
			path = DemoUITests;
			sourceTree = "<group>";
		};
		4730CAA82022EC3B00F7258E /* CallBackTrace */ = {
			isa = PBXGroup;
			children = (
				47AB05CE2022F84B003F6835 /* AOCallStackTrace.h */,
				47AB05CF2022F84B003F6835 /* AOCallStackTrace.m */,
			);
			path = CallBackTrace;
			sourceTree = "<group>";
		};
/* End PBXGroup section */

/* Begin PBXHeadersBuildPhase section */
		470872EA2022B12400B2CFCB /* Headers */ = {
			isa = PBXHeadersBuildPhase;
			buildActionMask = 2147483647;
			files = (
				470872FE2022B12400B2CFCB /* AppObserver.h in Headers */,
				47AB05D02022F84B003F6835 /* AOCallStackTrace.h in Headers */,
			);
			runOnlyForDeploymentPostprocessing = 0;
		};
/* End PBXHeadersBuildPhase section */

/* Begin PBXNativeTarget section */
		470872EC2022B12400B2CFCB /* AppObserver */ = {
			isa = PBXNativeTarget;
			buildConfigurationList = 470873012022B12400B2CFCB /* Build configuration list for PBXNativeTarget "AppObserver" */;
			buildPhases = (
				470872E82022B12400B2CFCB /* Sources */,
				470872E92022B12400B2CFCB /* Frameworks */,
				470872EA2022B12400B2CFCB /* Headers */,
				470872EB2022B12400B2CFCB /* Resources */,
			);
			buildRules = (
			);
			dependencies = (
			);
			name = AppObserver;
			productName = AppObserver;
			productReference = 470872ED2022B12400B2CFCB /* AppObserver.framework */;
			productType = "com.apple.product-type.framework";
		};
		470872F52022B12400B2CFCB /* AppObserverTests */ = {
			isa = PBXNativeTarget;
			buildConfigurationList = 470873042022B12400B2CFCB /* Build configuration list for PBXNativeTarget "AppObserverTests" */;
			buildPhases = (
				470872F22022B12400B2CFCB /* Sources */,
				470872F32022B12400B2CFCB /* Frameworks */,
				470872F42022B12400B2CFCB /* Resources */,
			);
			buildRules = (
			);
			dependencies = (
				470872F92022B12400B2CFCB /* PBXTargetDependency */,
			);
			name = AppObserverTests;
			productName = AppObserverTests;
			productReference = 470872F62022B12400B2CFCB /* AppObserverTests.xctest */;
			productType = "com.apple.product-type.bundle.unit-test";
		};
		4708730E2022C66B00B2CFCB /* Demo */ = {
			isa = PBXNativeTarget;
			buildConfigurationList = 470873342022C66B00B2CFCB /* Build configuration list for PBXNativeTarget "Demo" */;
			buildPhases = (
				4708730B2022C66B00B2CFCB /* Sources */,
				4708730C2022C66B00B2CFCB /* Frameworks */,
				4708730D2022C66B00B2CFCB /* Resources */,
			);
			buildRules = (
			);
			dependencies = (
				4708733E2022CD9900B2CFCB /* PBXTargetDependency */,
			);
			name = Demo;
			productName = Demo;
			productReference = 4708730F2022C66B00B2CFCB /* Demo.app */;
			productType = "com.apple.product-type.application";
		};
		470873212022C66B00B2CFCB /* DemoTests */ = {
			isa = PBXNativeTarget;
			buildConfigurationList = 470873372022C66B00B2CFCB /* Build configuration list for PBXNativeTarget "DemoTests" */;
			buildPhases = (
				4708731E2022C66B00B2CFCB /* Sources */,
				4708731F2022C66B00B2CFCB /* Frameworks */,
				470873202022C66B00B2CFCB /* Resources */,
			);
			buildRules = (
			);
			dependencies = (
				470873242022C66B00B2CFCB /* PBXTargetDependency */,
			);
			name = DemoTests;
			productName = DemoTests;
			productReference = 470873222022C66B00B2CFCB /* DemoTests.xctest */;
			productType = "com.apple.product-type.bundle.unit-test";
		};
		4708732C2022C66B00B2CFCB /* DemoUITests */ = {
			isa = PBXNativeTarget;
			buildConfigurationList = 4708733A2022C66B00B2CFCB /* Build configuration list for PBXNativeTarget "DemoUITests" */;
			buildPhases = (
				470873292022C66B00B2CFCB /* Sources */,
				4708732A2022C66B00B2CFCB /* Frameworks */,
				4708732B2022C66B00B2CFCB /* Resources */,
			);
			buildRules = (
			);
			dependencies = (
				4708732F2022C66B00B2CFCB /* PBXTargetDependency */,
			);
			name = DemoUITests;
			productName = DemoUITests;
			productReference = 4708732D2022C66B00B2CFCB /* DemoUITests.xctest */;
			productType = "com.apple.product-type.bundle.ui-testing";
		};
/* End PBXNativeTarget section */

/* Begin PBXProject section */
		470872E42022B12400B2CFCB /* Project object */ = {
			isa = PBXProject;
			attributes = {
				LastSwiftUpdateCheck = 0910;
				LastUpgradeCheck = 0910;
				ORGANIZATIONNAME = karsa;
				TargetAttributes = {
					470872EC2022B12400B2CFCB = {
						CreatedOnToolsVersion = 9.1;
						LastSwiftMigration = 0910;
						ProvisioningStyle = Automatic;
					};
					470872F52022B12400B2CFCB = {
						CreatedOnToolsVersion = 9.1;
						ProvisioningStyle = Automatic;
					};
					4708730E2022C66B00B2CFCB = {
						CreatedOnToolsVersion = 9.1;
						ProvisioningStyle = Automatic;
					};
					470873212022C66B00B2CFCB = {
						CreatedOnToolsVersion = 9.1;
						ProvisioningStyle = Automatic;
						TestTargetID = 4708730E2022C66B00B2CFCB;
					};
					4708732C2022C66B00B2CFCB = {
						CreatedOnToolsVersion = 9.1;
						ProvisioningStyle = Automatic;
						TestTargetID = 4708730E2022C66B00B2CFCB;
					};
				};
			};
			buildConfigurationList = 470872E72022B12400B2CFCB /* Build configuration list for PBXProject "AppObserver" */;
			compatibilityVersion = "Xcode 8.0";
			developmentRegion = en;
			hasScannedForEncodings = 0;
			knownRegions = (
				en,
				Base,
			);
			mainGroup = 470872E32022B12400B2CFCB;
			productRefGroup = 470872EE2022B12400B2CFCB /* Products */;
			projectDirPath = "";
			projectRoot = "";
			targets = (
				470872EC2022B12400B2CFCB /* AppObserver */,
				470872F52022B12400B2CFCB /* AppObserverTests */,
				4708730E2022C66B00B2CFCB /* Demo */,
				470873212022C66B00B2CFCB /* DemoTests */,
				4708732C2022C66B00B2CFCB /* DemoUITests */,
			);
		};
/* End PBXProject section */

/* Begin PBXResourcesBuildPhase section */
		470872EB2022B12400B2CFCB /* Resources */ = {
			isa = PBXResourcesBuildPhase;
			buildActionMask = 2147483647;
			files = (
			);
			runOnlyForDeploymentPostprocessing = 0;
		};
		470872F42022B12400B2CFCB /* Resources */ = {
			isa = PBXResourcesBuildPhase;
			buildActionMask = 2147483647;
			files = (
			);
			runOnlyForDeploymentPostprocessing = 0;
		};
		4708730D2022C66B00B2CFCB /* Resources */ = {
			isa = PBXResourcesBuildPhase;
			buildActionMask = 2147483647;
			files = (
				4708731C2022C66B00B2CFCB /* LaunchScreen.storyboard in Resources */,
				470873192022C66B00B2CFCB /* Assets.xcassets in Resources */,
				470873172022C66B00B2CFCB /* Main.storyboard in Resources */,
			);
			runOnlyForDeploymentPostprocessing = 0;
		};
		470873202022C66B00B2CFCB /* Resources */ = {
			isa = PBXResourcesBuildPhase;
			buildActionMask = 2147483647;
			files = (
			);
			runOnlyForDeploymentPostprocessing = 0;
		};
		4708732B2022C66B00B2CFCB /* Resources */ = {
			isa = PBXResourcesBuildPhase;
			buildActionMask = 2147483647;
			files = (
			);
			runOnlyForDeploymentPostprocessing = 0;
		};
/* End PBXResourcesBuildPhase section */

/* Begin PBXSourcesBuildPhase section */
		470872E82022B12400B2CFCB /* Sources */ = {
			isa = PBXSourcesBuildPhase;
			buildActionMask = 2147483647;
			files = (
				47AB05D12022F84B003F6835 /* AOCallStackTrace.m in Sources */,
				470873082022B13E00B2CFCB /* AOFPSStopObserver.swift in Sources */,
			);
			runOnlyForDeploymentPostprocessing = 0;
		};
		470872F22022B12400B2CFCB /* Sources */ = {
			isa = PBXSourcesBuildPhase;
			buildActionMask = 2147483647;
			files = (
				470872FC2022B12400B2CFCB /* AppObserverTests.swift in Sources */,
			);
			runOnlyForDeploymentPostprocessing = 0;
		};
		4708730B2022C66B00B2CFCB /* Sources */ = {
			isa = PBXSourcesBuildPhase;
			buildActionMask = 2147483647;
			files = (
				470873142022C66B00B2CFCB /* ViewController.swift in Sources */,
				470873122022C66B00B2CFCB /* AppDelegate.swift in Sources */,
			);
			runOnlyForDeploymentPostprocessing = 0;
		};
		4708731E2022C66B00B2CFCB /* Sources */ = {
			isa = PBXSourcesBuildPhase;
			buildActionMask = 2147483647;
			files = (
				470873272022C66B00B2CFCB /* DemoTests.swift in Sources */,
			);
			runOnlyForDeploymentPostprocessing = 0;
		};
		470873292022C66B00B2CFCB /* Sources */ = {
			isa = PBXSourcesBuildPhase;
			buildActionMask = 2147483647;
			files = (
				470873322022C66B00B2CFCB /* DemoUITests.swift in Sources */,
			);
			runOnlyForDeploymentPostprocessing = 0;
		};
/* End PBXSourcesBuildPhase section */

/* Begin PBXTargetDependency section */
		470872F92022B12400B2CFCB /* PBXTargetDependency */ = {
			isa = PBXTargetDependency;
			target = 470872EC2022B12400B2CFCB /* AppObserver */;
			targetProxy = 470872F82022B12400B2CFCB /* PBXContainerItemProxy */;
		};
		470873242022C66B00B2CFCB /* PBXTargetDependency */ = {
			isa = PBXTargetDependency;
			target = 4708730E2022C66B00B2CFCB /* Demo */;
			targetProxy = 470873232022C66B00B2CFCB /* PBXContainerItemProxy */;
		};
		4708732F2022C66B00B2CFCB /* PBXTargetDependency */ = {
			isa = PBXTargetDependency;
			target = 4708730E2022C66B00B2CFCB /* Demo */;
			targetProxy = 4708732E2022C66B00B2CFCB /* PBXContainerItemProxy */;
		};
		4708733E2022CD9900B2CFCB /* PBXTargetDependency */ = {
			isa = PBXTargetDependency;
			target = 470872EC2022B12400B2CFCB /* AppObserver */;
			targetProxy = 4708733D2022CD9900B2CFCB /* PBXContainerItemProxy */;
		};
/* End PBXTargetDependency section */

/* Begin PBXVariantGroup section */
		470873152022C66B00B2CFCB /* Main.storyboard */ = {
			isa = PBXVariantGroup;
			children = (
				470873162022C66B00B2CFCB /* Base */,
			);
			name = Main.storyboard;
			sourceTree = "<group>";
		};
		4708731A2022C66B00B2CFCB /* LaunchScreen.storyboard */ = {
			isa = PBXVariantGroup;
			children = (
				4708731B2022C66B00B2CFCB /* Base */,
			);
			name = LaunchScreen.storyboard;
			sourceTree = "<group>";
		};
/* End PBXVariantGroup section */

/* Begin XCBuildConfiguration section */
		470872FF2022B12400B2CFCB /* Debug */ = {
			isa = XCBuildConfiguration;
			buildSettings = {
				ALWAYS_SEARCH_USER_PATHS = NO;
				CLANG_ANALYZER_NONNULL = YES;
				CLANG_ANALYZER_NUMBER_OBJECT_CONVERSION = YES_AGGRESSIVE;
				CLANG_CXX_LANGUAGE_STANDARD = "gnu++14";
				CLANG_CXX_LIBRARY = "libc++";
				CLANG_ENABLE_MODULES = YES;
				CLANG_ENABLE_OBJC_ARC = YES;
				CLANG_WARN_BLOCK_CAPTURE_AUTORELEASING = YES;
				CLANG_WARN_BOOL_CONVERSION = YES;
				CLANG_WARN_COMMA = YES;
				CLANG_WARN_CONSTANT_CONVERSION = YES;
				CLANG_WARN_DIRECT_OBJC_ISA_USAGE = YES_ERROR;
				CLANG_WARN_DOCUMENTATION_COMMENTS = YES;
				CLANG_WARN_EMPTY_BODY = YES;
				CLANG_WARN_ENUM_CONVERSION = YES;
				CLANG_WARN_INFINITE_RECURSION = YES;
				CLANG_WARN_INT_CONVERSION = YES;
				CLANG_WARN_NON_LITERAL_NULL_CONVERSION = YES;
				CLANG_WARN_OBJC_LITERAL_CONVERSION = YES;
				CLANG_WARN_OBJC_ROOT_CLASS = YES_ERROR;
				CLANG_WARN_RANGE_LOOP_ANALYSIS = YES;
				CLANG_WARN_STRICT_PROTOTYPES = YES;
				CLANG_WARN_SUSPICIOUS_MOVE = YES;
				CLANG_WARN_UNGUARDED_AVAILABILITY = YES_AGGRESSIVE;
				CLANG_WARN_UNREACHABLE_CODE = YES;
				CLANG_WARN__DUPLICATE_METHOD_MATCH = YES;
				CODE_SIGN_IDENTITY = "iPhone Developer";
				COPY_PHASE_STRIP = NO;
				CURRENT_PROJECT_VERSION = 1;
				DEBUG_INFORMATION_FORMAT = dwarf;
				ENABLE_STRICT_OBJC_MSGSEND = YES;
				ENABLE_TESTABILITY = YES;
				GCC_C_LANGUAGE_STANDARD = gnu11;
				GCC_DYNAMIC_NO_PIC = NO;
				GCC_NO_COMMON_BLOCKS = YES;
				GCC_OPTIMIZATION_LEVEL = 0;
				GCC_PREPROCESSOR_DEFINITIONS = (
					"DEBUG=1",
					"$(inherited)",
				);
				GCC_WARN_64_TO_32_BIT_CONVERSION = YES;
				GCC_WARN_ABOUT_RETURN_TYPE = YES_ERROR;
				GCC_WARN_UNDECLARED_SELECTOR = YES;
				GCC_WARN_UNINITIALIZED_AUTOS = YES_AGGRESSIVE;
				GCC_WARN_UNUSED_FUNCTION = YES;
				GCC_WARN_UNUSED_VARIABLE = YES;
				IPHONEOS_DEPLOYMENT_TARGET = 11.1;
				MTL_ENABLE_DEBUG_INFO = YES;
				ONLY_ACTIVE_ARCH = YES;
				SDKROOT = iphoneos;
				SWIFT_ACTIVE_COMPILATION_CONDITIONS = DEBUG;
				SWIFT_OPTIMIZATION_LEVEL = "-Onone";
				VERSIONING_SYSTEM = "apple-generic";
				VERSION_INFO_PREFIX = "";
			};
			name = Debug;
		};
		470873002022B12400B2CFCB /* Release */ = {
			isa = XCBuildConfiguration;
			buildSettings = {
				ALWAYS_SEARCH_USER_PATHS = NO;
				CLANG_ANALYZER_NONNULL = YES;
				CLANG_ANALYZER_NUMBER_OBJECT_CONVERSION = YES_AGGRESSIVE;
				CLANG_CXX_LANGUAGE_STANDARD = "gnu++14";
				CLANG_CXX_LIBRARY = "libc++";
				CLANG_ENABLE_MODULES = YES;
				CLANG_ENABLE_OBJC_ARC = YES;
				CLANG_WARN_BLOCK_CAPTURE_AUTORELEASING = YES;
				CLANG_WARN_BOOL_CONVERSION = YES;
				CLANG_WARN_COMMA = YES;
				CLANG_WARN_CONSTANT_CONVERSION = YES;
				CLANG_WARN_DIRECT_OBJC_ISA_USAGE = YES_ERROR;
				CLANG_WARN_DOCUMENTATION_COMMENTS = YES;
				CLANG_WARN_EMPTY_BODY = YES;
				CLANG_WARN_ENUM_CONVERSION = YES;
				CLANG_WARN_INFINITE_RECURSION = YES;
				CLANG_WARN_INT_CONVERSION = YES;
				CLANG_WARN_NON_LITERAL_NULL_CONVERSION = YES;
				CLANG_WARN_OBJC_LITERAL_CONVERSION = YES;
				CLANG_WARN_OBJC_ROOT_CLASS = YES_ERROR;
				CLANG_WARN_RANGE_LOOP_ANALYSIS = YES;
				CLANG_WARN_STRICT_PROTOTYPES = YES;
				CLANG_WARN_SUSPICIOUS_MOVE = YES;
				CLANG_WARN_UNGUARDED_AVAILABILITY = YES_AGGRESSIVE;
				CLANG_WARN_UNREACHABLE_CODE = YES;
				CLANG_WARN__DUPLICATE_METHOD_MATCH = YES;
				CODE_SIGN_IDENTITY = "iPhone Developer";
				COPY_PHASE_STRIP = NO;
				CURRENT_PROJECT_VERSION = 1;
				DEBUG_INFORMATION_FORMAT = "dwarf-with-dsym";
				ENABLE_NS_ASSERTIONS = NO;
				ENABLE_STRICT_OBJC_MSGSEND = YES;
				GCC_C_LANGUAGE_STANDARD = gnu11;
				GCC_NO_COMMON_BLOCKS = YES;
				GCC_WARN_64_TO_32_BIT_CONVERSION = YES;
				GCC_WARN_ABOUT_RETURN_TYPE = YES_ERROR;
				GCC_WARN_UNDECLARED_SELECTOR = YES;
				GCC_WARN_UNINITIALIZED_AUTOS = YES_AGGRESSIVE;
				GCC_WARN_UNUSED_FUNCTION = YES;
				GCC_WARN_UNUSED_VARIABLE = YES;
				IPHONEOS_DEPLOYMENT_TARGET = 11.1;
				MTL_ENABLE_DEBUG_INFO = NO;
				SDKROOT = iphoneos;
				SWIFT_OPTIMIZATION_LEVEL = "-Owholemodule";
				VALIDATE_PRODUCT = YES;
				VERSIONING_SYSTEM = "apple-generic";
				VERSION_INFO_PREFIX = "";
			};
			name = Release;
		};
		470873022022B12400B2CFCB /* Debug */ = {
			isa = XCBuildConfiguration;
			buildSettings = {
				CLANG_ENABLE_MODULES = YES;
				CODE_SIGN_IDENTITY = "";
				CODE_SIGN_STYLE = Automatic;
				DEFINES_MODULE = YES;
				DYLIB_COMPATIBILITY_VERSION = 1;
				DYLIB_CURRENT_VERSION = 1;
				DYLIB_INSTALL_NAME_BASE = "@rpath";
				FRAMEWORK_SEARCH_PATHS = (
					"$(inherited)",
					"$(PROJECT_DIR)/AppObserver",
				);
				GCC_INCREASE_PRECOMPILED_HEADER_SHARING = YES;
				GCC_PRECOMPILE_PREFIX_HEADER = YES;
				INFOPLIST_FILE = AppObserver/Info.plist;
				INSTALL_PATH = "$(LOCAL_LIBRARY_DIR)/Frameworks";
				LD_RUNPATH_SEARCH_PATHS = "$(inherited) @executable_path/Frameworks @loader_path/Frameworks";
				PRODUCT_BUNDLE_IDENTIFIER = k.AppObserver;
				PRODUCT_NAME = "$(TARGET_NAME:c99extidentifier)";
				SKIP_INSTALL = YES;
				SWIFT_OPTIMIZATION_LEVEL = "-Onone";
				SWIFT_VERSION = 3.0;
				TARGETED_DEVICE_FAMILY = "1,2";
			};
			name = Debug;
		};
		470873032022B12400B2CFCB /* Release */ = {
			isa = XCBuildConfiguration;
			buildSettings = {
				CLANG_ENABLE_MODULES = YES;
				CODE_SIGN_IDENTITY = "";
				CODE_SIGN_STYLE = Automatic;
				DEFINES_MODULE = YES;
				DYLIB_COMPATIBILITY_VERSION = 1;
				DYLIB_CURRENT_VERSION = 1;
				DYLIB_INSTALL_NAME_BASE = "@rpath";
				FRAMEWORK_SEARCH_PATHS = (
					"$(inherited)",
					"$(PROJECT_DIR)/AppObserver",
				);
				GCC_INCREASE_PRECOMPILED_HEADER_SHARING = YES;
				GCC_PRECOMPILE_PREFIX_HEADER = YES;
				INFOPLIST_FILE = AppObserver/Info.plist;
				INSTALL_PATH = "$(LOCAL_LIBRARY_DIR)/Frameworks";
				LD_RUNPATH_SEARCH_PATHS = "$(inherited) @executable_path/Frameworks @loader_path/Frameworks";
				PRODUCT_BUNDLE_IDENTIFIER = k.AppObserver;
				PRODUCT_NAME = "$(TARGET_NAME:c99extidentifier)";
				SKIP_INSTALL = YES;
				SWIFT_VERSION = 3.0;
				TARGETED_DEVICE_FAMILY = "1,2";
			};
			name = Release;
		};
		470873052022B12400B2CFCB /* Debug */ = {
			isa = XCBuildConfiguration;
			buildSettings = {
				ALWAYS_EMBED_SWIFT_STANDARD_LIBRARIES = YES;
				CODE_SIGN_STYLE = Automatic;
				INFOPLIST_FILE = AppObserverTests/Info.plist;
				LD_RUNPATH_SEARCH_PATHS = "$(inherited) @executable_path/Frameworks @loader_path/Frameworks";
				PRODUCT_BUNDLE_IDENTIFIER = k.AppObserverTests;
				PRODUCT_NAME = "$(TARGET_NAME)";
				SWIFT_VERSION = 4.0;
				TARGETED_DEVICE_FAMILY = "1,2";
			};
			name = Debug;
		};
		470873062022B12400B2CFCB /* Release */ = {
			isa = XCBuildConfiguration;
			buildSettings = {
				ALWAYS_EMBED_SWIFT_STANDARD_LIBRARIES = YES;
				CODE_SIGN_STYLE = Automatic;
				INFOPLIST_FILE = AppObserverTests/Info.plist;
				LD_RUNPATH_SEARCH_PATHS = "$(inherited) @executable_path/Frameworks @loader_path/Frameworks";
				PRODUCT_BUNDLE_IDENTIFIER = k.AppObserverTests;
				PRODUCT_NAME = "$(TARGET_NAME)";
				SWIFT_VERSION = 4.0;
				TARGETED_DEVICE_FAMILY = "1,2";
			};
			name = Release;
		};
		470873352022C66B00B2CFCB /* Debug */ = {
			isa = XCBuildConfiguration;
			buildSettings = {
				ASSETCATALOG_COMPILER_APPICON_NAME = AppIcon;
				CODE_SIGN_STYLE = Automatic;
				INFOPLIST_FILE = Demo/Info.plist;
				LD_RUNPATH_SEARCH_PATHS = "$(inherited) @executable_path/Frameworks";
				PRODUCT_BUNDLE_IDENTIFIER = k.Demo;
				PRODUCT_NAME = "$(TARGET_NAME)";
				SWIFT_VERSION = 4.0;
				TARGETED_DEVICE_FAMILY = "1,2";
			};
			name = Debug;
		};
		470873362022C66B00B2CFCB /* Release */ = {
			isa = XCBuildConfiguration;
			buildSettings = {
				ASSETCATALOG_COMPILER_APPICON_NAME = AppIcon;
				CODE_SIGN_STYLE = Automatic;
				INFOPLIST_FILE = Demo/Info.plist;
				LD_RUNPATH_SEARCH_PATHS = "$(inherited) @executable_path/Frameworks";
				PRODUCT_BUNDLE_IDENTIFIER = k.Demo;
				PRODUCT_NAME = "$(TARGET_NAME)";
				SWIFT_VERSION = 4.0;
				TARGETED_DEVICE_FAMILY = "1,2";
			};
			name = Release;
		};
		470873382022C66B00B2CFCB /* Debug */ = {
			isa = XCBuildConfiguration;
			buildSettings = {
				ALWAYS_EMBED_SWIFT_STANDARD_LIBRARIES = YES;
				BUNDLE_LOADER = "$(TEST_HOST)";
				CODE_SIGN_STYLE = Automatic;
				INFOPLIST_FILE = DemoTests/Info.plist;
				LD_RUNPATH_SEARCH_PATHS = "$(inherited) @executable_path/Frameworks @loader_path/Frameworks";
				PRODUCT_BUNDLE_IDENTIFIER = k.DemoTests;
				PRODUCT_NAME = "$(TARGET_NAME)";
				SWIFT_VERSION = 4.0;
				TARGETED_DEVICE_FAMILY = "1,2";
				TEST_HOST = "$(BUILT_PRODUCTS_DIR)/Demo.app/Demo";
			};
			name = Debug;
		};
		470873392022C66B00B2CFCB /* Release */ = {
			isa = XCBuildConfiguration;
			buildSettings = {
				ALWAYS_EMBED_SWIFT_STANDARD_LIBRARIES = YES;
				BUNDLE_LOADER = "$(TEST_HOST)";
				CODE_SIGN_STYLE = Automatic;
				INFOPLIST_FILE = DemoTests/Info.plist;
				LD_RUNPATH_SEARCH_PATHS = "$(inherited) @executable_path/Frameworks @loader_path/Frameworks";
				PRODUCT_BUNDLE_IDENTIFIER = k.DemoTests;
				PRODUCT_NAME = "$(TARGET_NAME)";
				SWIFT_VERSION = 4.0;
				TARGETED_DEVICE_FAMILY = "1,2";
				TEST_HOST = "$(BUILT_PRODUCTS_DIR)/Demo.app/Demo";
			};
			name = Release;
		};
		4708733B2022C66B00B2CFCB /* Debug */ = {
			isa = XCBuildConfiguration;
			buildSettings = {
				ALWAYS_EMBED_SWIFT_STANDARD_LIBRARIES = YES;
				CODE_SIGN_STYLE = Automatic;
				INFOPLIST_FILE = DemoUITests/Info.plist;
				LD_RUNPATH_SEARCH_PATHS = "$(inherited) @executable_path/Frameworks @loader_path/Frameworks";
				PRODUCT_BUNDLE_IDENTIFIER = k.DemoUITests;
				PRODUCT_NAME = "$(TARGET_NAME)";
				SWIFT_VERSION = 4.0;
				TARGETED_DEVICE_FAMILY = "1,2";
				TEST_TARGET_NAME = Demo;
			};
			name = Debug;
		};
		4708733C2022C66B00B2CFCB /* Release */ = {
			isa = XCBuildConfiguration;
			buildSettings = {
				ALWAYS_EMBED_SWIFT_STANDARD_LIBRARIES = YES;
				CODE_SIGN_STYLE = Automatic;
				INFOPLIST_FILE = DemoUITests/Info.plist;
				LD_RUNPATH_SEARCH_PATHS = "$(inherited) @executable_path/Frameworks @loader_path/Frameworks";
				PRODUCT_BUNDLE_IDENTIFIER = k.DemoUITests;
				PRODUCT_NAME = "$(TARGET_NAME)";
				SWIFT_VERSION = 4.0;
				TARGETED_DEVICE_FAMILY = "1,2";
				TEST_TARGET_NAME = Demo;
			};
			name = Release;
		};
/* End XCBuildConfiguration section */

/* Begin XCConfigurationList section */
		470872E72022B12400B2CFCB /* Build configuration list for PBXProject "AppObserver" */ = {
			isa = XCConfigurationList;
			buildConfigurations = (
				470872FF2022B12400B2CFCB /* Debug */,
				470873002022B12400B2CFCB /* Release */,
			);
			defaultConfigurationIsVisible = 0;
			defaultConfigurationName = Release;
		};
		470873012022B12400B2CFCB /* Build configuration list for PBXNativeTarget "AppObserver" */ = {
			isa = XCConfigurationList;
			buildConfigurations = (
				470873022022B12400B2CFCB /* Debug */,
				470873032022B12400B2CFCB /* Release */,
			);
			defaultConfigurationIsVisible = 0;
			defaultConfigurationName = Release;
		};
		470873042022B12400B2CFCB /* Build configuration list for PBXNativeTarget "AppObserverTests" */ = {
			isa = XCConfigurationList;
			buildConfigurations = (
				470873052022B12400B2CFCB /* Debug */,
				470873062022B12400B2CFCB /* Release */,
			);
			defaultConfigurationIsVisible = 0;
			defaultConfigurationName = Release;
		};
		470873342022C66B00B2CFCB /* Build configuration list for PBXNativeTarget "Demo" */ = {
			isa = XCConfigurationList;
			buildConfigurations = (
				470873352022C66B00B2CFCB /* Debug */,
				470873362022C66B00B2CFCB /* Release */,
			);
			defaultConfigurationIsVisible = 0;
			defaultConfigurationName = Release;
		};
		470873372022C66B00B2CFCB /* Build configuration list for PBXNativeTarget "DemoTests" */ = {
			isa = XCConfigurationList;
			buildConfigurations = (
				470873382022C66B00B2CFCB /* Debug */,
				470873392022C66B00B2CFCB /* Release */,
			);
			defaultConfigurationIsVisible = 0;
			defaultConfigurationName = Release;
		};
		4708733A2022C66B00B2CFCB /* Build configuration list for PBXNativeTarget "DemoUITests" */ = {
			isa = XCConfigurationList;
			buildConfigurations = (
				4708733B2022C66B00B2CFCB /* Debug */,
				4708733C2022C66B00B2CFCB /* Release */,
			);
			defaultConfigurationIsVisible = 0;
			defaultConfigurationName = Release;
		};
/* End XCConfigurationList section */
	};
	rootObject = 470872E42022B12400B2CFCB /* Project object */;
}
